
Microsoft Visual Studio Solution File, Format Version 12.00
# Visual Studio Version 17
VisualStudioVersion = 17.9.34622.214
MinimumVisualStudioVersion = 10.0.40219.1
Project("{FAE04EC0-301F-11D3-BF4B-00C04F79EFBC}") = "LibraryTTCS", "LibraryTTCS\LibraryTTCS.csproj", "{518D2F57-A3E5-4393-B88B-20BC2F59A762}"
EndProject
Global
	GlobalSection(SolutionConfigurationPlatforms) = preSolution
		Debug|Any CPU = Debug|Any CPU
		Release|Any CPU = Release|Any CPU
	EndGlobalSection
	GlobalSection(ProjectConfigurationPlatforms) = postSolution
		{518D2F57-A3E5-4393-B88B-20BC2F59A762}.Debug|Any CPU.ActiveCfg = Debug|Any CPU
		{518D2F57-A3E5-4393-B88B-20BC2F59A762}.Debug|Any CPU.Build.0 = Debug|Any CPU
		{518D2F57-A3E5-4393-B88B-20BC2F59A762}.Release|Any CPU.ActiveCfg = Release|Any CPU
		{518D2F57-A3E5-4393-B88B-20BC2F59A762}.Release|Any CPU.Build.0 = Release|Any CPU
	EndGlobalSection
	GlobalSection(SolutionProperties) = preSolution
		HideSolutionNode = FALSE
	EndGlobalSection
	GlobalSection(ExtensibilityGlobals) = postSolution
		SolutionGuid = {BD7DB0AB-BBC4-4384-A7B9-4DED41FF3B87}
	EndGlobalSection
EndGlobal
